
Microsoft Visual Studio Solution File, Format Version 12.00
# Visual Studio Version 17
VisualStudioVersion = 17.2.32616.157
MinimumVisualStudioVersion = 15.0.26124.0
Project("{2150E333-8FDC-42A3-9474-1A3956D46DE8}") = "src", "src", "{6B972253-8F97-4811-90C5-1EE49F2A0404}"
EndProject
Project("{9A19103F-16F7-4668-BE54-9A1E7A4F7556}") = "MonitorPet.Application", "src\MonitorPet.Application\MonitorPet.Application.csproj", "{F80F5A4A-AF35-485C-B4CD-9578D337C5B9}"
EndProject
Project("{9A19103F-16F7-4668-BE54-9A1E7A4F7556}") = "MonitorPet.Core", "src\MonitorPet.Core\MonitorPet.Core.csproj", "{9F2FD5DE-9E96-4649-9DA7-82B4D1E8B8B2}"
EndProject
Project("{2150E333-8FDC-42A3-9474-1A3956D46DE8}") = "testes", "testes", "{ED7FD987-70B5-484A-B071-BF1E9BBE4545}"
EndProject
Project("{9A19103F-16F7-4668-BE54-9A1E7A4F7556}") = "MonitorPet.Application.Tests", "testes\MonitorPet.Application.Tests\MonitorPet.Application.Tests.csproj", "{4BBF6915-458B-4374-BC95-9D7BE304A0F9}"
EndProject
Project("{9A19103F-16F7-4668-BE54-9A1E7A4F7556}") = "MonitorPet.Core.Tests", "testes\MonitorPet.Core.Tests\MonitorPet.Core.Tests.csproj", "{E8C789CC-BC71-4701-8C9F-F2D037F9857F}"
EndProject
Project("{9A19103F-16F7-4668-BE54-9A1E7A4F7556}") = "MonitorPet.Infrastructure", "src\MonitorPet.Infrastructure\MonitorPet.Infrastructure.csproj", "{45CC1539-3C6A-40C5-AB81-F8A9B03E0142}"
EndProject
Project("{2150E333-8FDC-42A3-9474-1A3956D46DE8}") = "MonitorPet.Ui", "MonitorPet.Ui", "{1501C9C6-1498-4726-92C9-E57C7EAAF861}"
EndProject
Project("{9A19103F-16F7-4668-BE54-9A1E7A4F7556}") = "MonitorPet.Ui.Client", "src\MonitorPet.Ui\Client\MonitorPet.Ui.Client.csproj", "{A612AD60-5E99-41CB-AC4C-EFFAE87D1937}"
EndProject
Project("{9A19103F-16F7-4668-BE54-9A1E7A4F7556}") = "MonitorPet.Ui.Server", "src\MonitorPet.Ui\Server\MonitorPet.Ui.Server.csproj", "{F0FA0F1B-1E4C-46C1-8110-E704DACFBC53}"
EndProject
Project("{9A19103F-16F7-4668-BE54-9A1E7A4F7556}") = "MonitorPet.Ui.Shared", "src\MonitorPet.Ui\Shared\MonitorPet.Ui.Shared.csproj", "{4250E25F-3AB1-4B43-89BA-5541D8961328}"
EndProject
Global
	GlobalSection(SolutionConfigurationPlatforms) = preSolution
		Debug|Any CPU = Debug|Any CPU
		Debug|x64 = Debug|x64
		Debug|x86 = Debug|x86
		Release|Any CPU = Release|Any CPU
		Release|x64 = Release|x64
		Release|x86 = Release|x86
	EndGlobalSection
	GlobalSection(ProjectConfigurationPlatforms) = postSolution
		{F80F5A4A-AF35-485C-B4CD-9578D337C5B9}.Debug|Any CPU.ActiveCfg = Debug|Any CPU
		{F80F5A4A-AF35-485C-B4CD-9578D337C5B9}.Debug|Any CPU.Build.0 = Debug|Any CPU
		{F80F5A4A-AF35-485C-B4CD-9578D337C5B9}.Debug|x64.ActiveCfg = Debug|Any CPU
		{F80F5A4A-AF35-485C-B4CD-9578D337C5B9}.Debug|x64.Build.0 = Debug|Any CPU
		{F80F5A4A-AF35-485C-B4CD-9578D337C5B9}.Debug|x86.ActiveCfg = Debug|Any CPU
		{F80F5A4A-AF35-485C-B4CD-9578D337C5B9}.Debug|x86.Build.0 = Debug|Any CPU
		{F80F5A4A-AF35-485C-B4CD-9578D337C5B9}.Release|Any CPU.ActiveCfg = Release|Any CPU
		{F80F5A4A-AF35-485C-B4CD-9578D337C5B9}.Release|Any CPU.Build.0 = Release|Any CPU
		{F80F5A4A-AF35-485C-B4CD-9578D337C5B9}.Release|x64.ActiveCfg = Release|Any CPU
		{F80F5A4A-AF35-485C-B4CD-9578D337C5B9}.Release|x64.Build.0 = Release|Any CPU
		{F80F5A4A-AF35-485C-B4CD-9578D337C5B9}.Release|x86.ActiveCfg = Release|Any CPU
		{F80F5A4A-AF35-485C-B4CD-9578D337C5B9}.Release|x86.Build.0 = Release|Any CPU
		{9F2FD5DE-9E96-4649-9DA7-82B4D1E8B8B2}.Debug|Any CPU.ActiveCfg = Debug|Any CPU
		{9F2FD5DE-9E96-4649-9DA7-82B4D1E8B8B2}.Debug|Any CPU.Build.0 = Debug|Any CPU
		{9F2FD5DE-9E96-4649-9DA7-82B4D1E8B8B2}.Debug|x64.ActiveCfg = Debug|Any CPU
		{9F2FD5DE-9E96-4649-9DA7-82B4D1E8B8B2}.Debug|x64.Build.0 = Debug|Any CPU
		{9F2FD5DE-9E96-4649-9DA7-82B4D1E8B8B2}.Debug|x86.ActiveCfg = Debug|Any CPU
		{9F2FD5DE-9E96-4649-9DA7-82B4D1E8B8B2}.Debug|x86.Build.0 = Debug|Any CPU
		{9F2FD5DE-9E96-4649-9DA7-82B4D1E8B8B2}.Release|Any CPU.ActiveCfg = Release|Any CPU
		{9F2FD5DE-9E96-4649-9DA7-82B4D1E8B8B2}.Release|Any CPU.Build.0 = Release|Any CPU
		{9F2FD5DE-9E96-4649-9DA7-82B4D1E8B8B2}.Release|x64.ActiveCfg = Release|Any CPU
		{9F2FD5DE-9E96-4649-9DA7-82B4D1E8B8B2}.Release|x64.Build.0 = Release|Any CPU
		{9F2FD5DE-9E96-4649-9DA7-82B4D1E8B8B2}.Release|x86.ActiveCfg = Release|Any CPU
		{9F2FD5DE-9E96-4649-9DA7-82B4D1E8B8B2}.Release|x86.Build.0 = Release|Any CPU
		{4BBF6915-458B-4374-BC95-9D7BE304A0F9}.Debug|Any CPU.ActiveCfg = Debug|Any CPU
		{4BBF6915-458B-4374-BC95-9D7BE304A0F9}.Debug|Any CPU.Build.0 = Debug|Any CPU
		{4BBF6915-458B-4374-BC95-9D7BE304A0F9}.Debug|x64.ActiveCfg = Debug|Any CPU
		{4BBF6915-458B-4374-BC95-9D7BE304A0F9}.Debug|x64.Build.0 = Debug|Any CPU
		{4BBF6915-458B-4374-BC95-9D7BE304A0F9}.Debug|x86.ActiveCfg = Debug|Any CPU
		{4BBF6915-458B-4374-BC95-9D7BE304A0F9}.Debug|x86.Build.0 = Debug|Any CPU
		{4BBF6915-458B-4374-BC95-9D7BE304A0F9}.Release|Any CPU.ActiveCfg = Release|Any CPU
		{4BBF6915-458B-4374-BC95-9D7BE304A0F9}.Release|Any CPU.Build.0 = Release|Any CPU
		{4BBF6915-458B-4374-BC95-9D7BE304A0F9}.Release|x64.ActiveCfg = Release|Any CPU
		{4BBF6915-458B-4374-BC95-9D7BE304A0F9}.Release|x64.Build.0 = Release|Any CPU
		{4BBF6915-458B-4374-BC95-9D7BE304A0F9}.Release|x86.ActiveCfg = Release|Any CPU
		{4BBF6915-458B-4374-BC95-9D7BE304A0F9}.Release|x86.Build.0 = Release|Any CPU
		{E8C789CC-BC71-4701-8C9F-F2D037F9857F}.Debug|Any CPU.ActiveCfg = Debug|Any CPU
		{E8C789CC-BC71-4701-8C9F-F2D037F9857F}.Debug|Any CPU.Build.0 = Debug|Any CPU
		{E8C789CC-BC71-4701-8C9F-F2D037F9857F}.Debug|x64.ActiveCfg = Debug|Any CPU
		{E8C789CC-BC71-4701-8C9F-F2D037F9857F}.Debug|x64.Build.0 = Debug|Any CPU
		{E8C789CC-BC71-4701-8C9F-F2D037F9857F}.Debug|x86.ActiveCfg = Debug|Any CPU
		{E8C789CC-BC71-4701-8C9F-F2D037F9857F}.Debug|x86.Build.0 = Debug|Any CPU
		{E8C789CC-BC71-4701-8C9F-F2D037F9857F}.Release|Any CPU.ActiveCfg = Release|Any CPU
		{E8C789CC-BC71-4701-8C9F-F2D037F9857F}.Release|Any CPU.Build.0 = Release|Any CPU
		{E8C789CC-BC71-4701-8C9F-F2D037F9857F}.Release|x64.ActiveCfg = Release|Any CPU
		{E8C789CC-BC71-4701-8C9F-F2D037F9857F}.Release|x64.Build.0 = Release|Any CPU
		{E8C789CC-BC71-4701-8C9F-F2D037F9857F}.Release|x86.ActiveCfg = Release|Any CPU
		{E8C789CC-BC71-4701-8C9F-F2D037F9857F}.Release|x86.Build.0 = Release|Any CPU
		{45CC1539-3C6A-40C5-AB81-F8A9B03E0142}.Debug|Any CPU.ActiveCfg = Debug|Any CPU
		{45CC1539-3C6A-40C5-AB81-F8A9B03E0142}.Debug|Any CPU.Build.0 = Debug|Any CPU
		{45CC1539-3C6A-40C5-AB81-F8A9B03E0142}.Debug|x64.ActiveCfg = Debug|Any CPU
		{45CC1539-3C6A-40C5-AB81-F8A9B03E0142}.Debug|x64.Build.0 = Debug|Any CPU
		{45CC1539-3C6A-40C5-AB81-F8A9B03E0142}.Debug|x86.ActiveCfg = Debug|Any CPU
		{45CC1539-3C6A-40C5-AB81-F8A9B03E0142}.Debug|x86.Build.0 = Debug|Any CPU
		{45CC1539-3C6A-40C5-AB81-F8A9B03E0142}.Release|Any CPU.ActiveCfg = Release|Any CPU
		{45CC1539-3C6A-40C5-AB81-F8A9B03E0142}.Release|Any CPU.Build.0 = Release|Any CPU
		{45CC1539-3C6A-40C5-AB81-F8A9B03E0142}.Release|x64.ActiveCfg = Release|Any CPU
		{45CC1539-3C6A-40C5-AB81-F8A9B03E0142}.Release|x64.Build.0 = Release|Any CPU
		{45CC1539-3C6A-40C5-AB81-F8A9B03E0142}.Release|x86.ActiveCfg = Release|Any CPU
		{45CC1539-3C6A-40C5-AB81-F8A9B03E0142}.Release|x86.Build.0 = Release|Any CPU
		{A612AD60-5E99-41CB-AC4C-EFFAE87D1937}.Debug|Any CPU.ActiveCfg = Debug|Any CPU
		{A612AD60-5E99-41CB-AC4C-EFFAE87D1937}.Debug|Any CPU.Build.0 = Debug|Any CPU
		{A612AD60-5E99-41CB-AC4C-EFFAE87D1937}.Debug|x64.ActiveCfg = Debug|Any CPU
		{A612AD60-5E99-41CB-AC4C-EFFAE87D1937}.Debug|x64.Build.0 = Debug|Any CPU
		{A612AD60-5E99-41CB-AC4C-EFFAE87D1937}.Debug|x86.ActiveCfg = Debug|Any CPU
		{A612AD60-5E99-41CB-AC4C-EFFAE87D1937}.Debug|x86.Build.0 = Debug|Any CPU
		{A612AD60-5E99-41CB-AC4C-EFFAE87D1937}.Release|Any CPU.ActiveCfg = Release|Any CPU
		{A612AD60-5E99-41CB-AC4C-EFFAE87D1937}.Release|Any CPU.Build.0 = Release|Any CPU
		{A612AD60-5E99-41CB-AC4C-EFFAE87D1937}.Release|x64.ActiveCfg = Release|Any CPU
		{A612AD60-5E99-41CB-AC4C-EFFAE87D1937}.Release|x64.Build.0 = Release|Any CPU
		{A612AD60-5E99-41CB-AC4C-EFFAE87D1937}.Release|x86.ActiveCfg = Release|Any CPU
		{A612AD60-5E99-41CB-AC4C-EFFAE87D1937}.Release|x86.Build.0 = Release|Any CPU
		{F0FA0F1B-1E4C-46C1-8110-E704DACFBC53}.Debug|Any CPU.ActiveCfg = Debug|Any CPU
		{F0FA0F1B-1E4C-46C1-8110-E704DACFBC53}.Debug|Any CPU.Build.0 = Debug|Any CPU
		{F0FA0F1B-1E4C-46C1-8110-E704DACFBC53}.Debug|x64.ActiveCfg = Debug|Any CPU
		{F0FA0F1B-1E4C-46C1-8110-E704DACFBC53}.Debug|x64.Build.0 = Debug|Any CPU
		{F0FA0F1B-1E4C-46C1-8110-E704DACFBC53}.Debug|x86.ActiveCfg = Debug|Any CPU
		{F0FA0F1B-1E4C-46C1-8110-E704DACFBC53}.Debug|x86.Build.0 = Debug|Any CPU
		{F0FA0F1B-1E4C-46C1-8110-E704DACFBC53}.Release|Any CPU.ActiveCfg = Release|Any CPU
		{F0FA0F1B-1E4C-46C1-8110-E704DACFBC53}.Release|Any CPU.Build.0 = Release|Any CPU
		{F0FA0F1B-1E4C-46C1-8110-E704DACFBC53}.Release|x64.ActiveCfg = Release|Any CPU
		{F0FA0F1B-1E4C-46C1-8110-E704DACFBC53}.Release|x64.Build.0 = Release|Any CPU
		{F0FA0F1B-1E4C-46C1-8110-E704DACFBC53}.Release|x86.ActiveCfg = Release|Any CPU
		{F0FA0F1B-1E4C-46C1-8110-E704DACFBC53}.Release|x86.Build.0 = Release|Any CPU
		{4250E25F-3AB1-4B43-89BA-5541D8961328}.Debug|Any CPU.ActiveCfg = Debug|Any CPU
		{4250E25F-3AB1-4B43-89BA-5541D8961328}.Debug|Any CPU.Build.0 = Debug|Any CPU
		{4250E25F-3AB1-4B43-89BA-5541D8961328}.Debug|x64.ActiveCfg = Debug|Any CPU
		{4250E25F-3AB1-4B43-89BA-5541D8961328}.Debug|x64.Build.0 = Debug|Any CPU
		{4250E25F-3AB1-4B43-89BA-5541D8961328}.Debug|x86.ActiveCfg = Debug|Any CPU
		{4250E25F-3AB1-4B43-89BA-5541D8961328}.Debug|x86.Build.0 = Debug|Any CPU
		{4250E25F-3AB1-4B43-89BA-5541D8961328}.Release|Any CPU.ActiveCfg = Release|Any CPU
		{4250E25F-3AB1-4B43-89BA-5541D8961328}.Release|Any CPU.Build.0 = Release|Any CPU
		{4250E25F-3AB1-4B43-89BA-5541D8961328}.Release|x64.ActiveCfg = Release|Any CPU
		{4250E25F-3AB1-4B43-89BA-5541D8961328}.Release|x64.Build.0 = Release|Any CPU
		{4250E25F-3AB1-4B43-89BA-5541D8961328}.Release|x86.ActiveCfg = Release|Any CPU
		{4250E25F-3AB1-4B43-89BA-5541D8961328}.Release|x86.Build.0 = Release|Any CPU
	EndGlobalSection
	GlobalSection(SolutionProperties) = preSolution
		HideSolutionNode = FALSE
	EndGlobalSection
	GlobalSection(NestedProjects) = preSolution
		{F80F5A4A-AF35-485C-B4CD-9578D337C5B9} = {6B972253-8F97-4811-90C5-1EE49F2A0404}
		{9F2FD5DE-9E96-4649-9DA7-82B4D1E8B8B2} = {6B972253-8F97-4811-90C5-1EE49F2A0404}
		{4BBF6915-458B-4374-BC95-9D7BE304A0F9} = {ED7FD987-70B5-484A-B071-BF1E9BBE4545}
		{E8C789CC-BC71-4701-8C9F-F2D037F9857F} = {ED7FD987-70B5-484A-B071-BF1E9BBE4545}
		{45CC1539-3C6A-40C5-AB81-F8A9B03E0142} = {6B972253-8F97-4811-90C5-1EE49F2A0404}
		{1501C9C6-1498-4726-92C9-E57C7EAAF861} = {6B972253-8F97-4811-90C5-1EE49F2A0404}
		{A612AD60-5E99-41CB-AC4C-EFFAE87D1937} = {1501C9C6-1498-4726-92C9-E57C7EAAF861}
		{F0FA0F1B-1E4C-46C1-8110-E704DACFBC53} = {1501C9C6-1498-4726-92C9-E57C7EAAF861}
		{4250E25F-3AB1-4B43-89BA-5541D8961328} = {1501C9C6-1498-4726-92C9-E57C7EAAF861}
	EndGlobalSection
	GlobalSection(ExtensibilityGlobals) = postSolution
		SolutionGuid = {D755F3A9-1A98-49B1-8524-1F1779E871B1}
	EndGlobalSection
EndGlobal
